
Microsoft Visual Studio Solution File, Format Version 12.00
# Visual Studio Version 17
VisualStudioVersion = 17.4.33403.182
MinimumVisualStudioVersion = 10.0.40219.1
Project("{FAE04EC0-301F-11D3-BF4B-00C04F79EFBC}") = "Module8", "Module8\Module8.csproj", "{9E80E694-CA50-46CC-A8D5-896A9947F32A}"
EndProject
Global
	GlobalSection(SolutionConfigurationPlatforms) = preSolution
		Debug|Any CPU = Debug|Any CPU
		Release|Any CPU = Release|Any CPU
	EndGlobalSection
	GlobalSection(ProjectConfigurationPlatforms) = postSolution
		{9E80E694-CA50-46CC-A8D5-896A9947F32A}.Debug|Any CPU.ActiveCfg = Debug|Any CPU
		{9E80E694-CA50-46CC-A8D5-896A9947F32A}.Debug|Any CPU.Build.0 = Debug|Any CPU
		{9E80E694-CA50-46CC-A8D5-896A9947F32A}.Release|Any CPU.ActiveCfg = Release|Any CPU
		{9E80E694-CA50-46CC-A8D5-896A9947F32A}.Release|Any CPU.Build.0 = Release|Any CPU
	EndGlobalSection
	GlobalSection(SolutionProperties) = preSolution
		HideSolutionNode = FALSE
	EndGlobalSection
	GlobalSection(ExtensibilityGlobals) = postSolution
		SolutionGuid = {5373DEEA-A55B-4C6D-802E-A5FA527FA96B}
	EndGlobalSection
EndGlobal
